
Microsoft Visual Studio Solution File, Format Version 12.00
# Visual Studio Version 17
VisualStudioVersion = 17.9.34616.47
MinimumVisualStudioVersion = 10.0.40219.1
Project("{FAE04EC0-301F-11D3-BF4B-00C04F79EFBC}") = "CafeMan-Project", "CafeMan-Project\CafeMan-Project.csproj", "{A20547D2-1AF2-461C-A27B-2E434A933568}"
EndProject
Global
	GlobalSection(SolutionConfigurationPlatforms) = preSolution
		Debug|Any CPU = Debug|Any CPU
		Release|Any CPU = Release|Any CPU
	EndGlobalSection
	GlobalSection(ProjectConfigurationPlatforms) = postSolution
		{A20547D2-1AF2-461C-A27B-2E434A933568}.Debug|Any CPU.ActiveCfg = Debug|Any CPU
		{A20547D2-1AF2-461C-A27B-2E434A933568}.Debug|Any CPU.Build.0 = Debug|Any CPU
		{A20547D2-1AF2-461C-A27B-2E434A933568}.Release|Any CPU.ActiveCfg = Release|Any CPU
		{A20547D2-1AF2-461C-A27B-2E434A933568}.Release|Any CPU.Build.0 = Release|Any CPU
	EndGlobalSection
	GlobalSection(SolutionProperties) = preSolution
		HideSolutionNode = FALSE
	EndGlobalSection
	GlobalSection(ExtensibilityGlobals) = postSolution
		SolutionGuid = {6E409B28-A568-4759-BFAE-1BFE745A555B}
	EndGlobalSection
EndGlobal
